
Microsoft Visual Studio Solution File, Format Version 12.00
# Visual Studio Version 17
VisualStudioVersion = 17.8.34511.84
MinimumVisualStudioVersion = 10.0.40219.1
Project("{9A19103F-16F7-4668-BE54-9A1E7A4F7556}") = "ShaderTest", "ShaderTest\ShaderTest.csproj", "{B0A93576-A7AF-45E2-95B7-E1A3CC2FC9C8}"
EndProject
Project("{FAE04EC0-301F-11D3-BF4B-00C04F79EFBC}") = "ShaderTest.UWP", "ShaderTest.UWP\ShaderTest.UWP.csproj", "{3B7AA151-73B9-4A8A-8C5F-4C9EE01F71CE}"
EndProject
Global
	GlobalSection(SolutionConfigurationPlatforms) = preSolution
		Debug|Any CPU = Debug|Any CPU
		Debug|ARM = Debug|ARM
		Debug|ARM64 = Debug|ARM64
		Debug|x64 = Debug|x64
		Debug|x86 = Debug|x86
		Release|Any CPU = Release|Any CPU
		Release|ARM = Release|ARM
		Release|ARM64 = Release|ARM64
		Release|x64 = Release|x64
		Release|x86 = Release|x86
	EndGlobalSection
	GlobalSection(ProjectConfigurationPlatforms) = postSolution
		{B0A93576-A7AF-45E2-95B7-E1A3CC2FC9C8}.Debug|Any CPU.ActiveCfg = Debug|Any CPU
		{B0A93576-A7AF-45E2-95B7-E1A3CC2FC9C8}.Debug|Any CPU.Build.0 = Debug|Any CPU
		{B0A93576-A7AF-45E2-95B7-E1A3CC2FC9C8}.Debug|ARM.ActiveCfg = Debug|Any CPU
		{B0A93576-A7AF-45E2-95B7-E1A3CC2FC9C8}.Debug|ARM.Build.0 = Debug|Any CPU
		{B0A93576-A7AF-45E2-95B7-E1A3CC2FC9C8}.Debug|ARM64.ActiveCfg = Debug|Any CPU
		{B0A93576-A7AF-45E2-95B7-E1A3CC2FC9C8}.Debug|ARM64.Build.0 = Debug|Any CPU
		{B0A93576-A7AF-45E2-95B7-E1A3CC2FC9C8}.Debug|x64.ActiveCfg = Debug|Any CPU
		{B0A93576-A7AF-45E2-95B7-E1A3CC2FC9C8}.Debug|x64.Build.0 = Debug|Any CPU
		{B0A93576-A7AF-45E2-95B7-E1A3CC2FC9C8}.Debug|x86.ActiveCfg = Debug|Any CPU
		{B0A93576-A7AF-45E2-95B7-E1A3CC2FC9C8}.Debug|x86.Build.0 = Debug|Any CPU
		{B0A93576-A7AF-45E2-95B7-E1A3CC2FC9C8}.Release|Any CPU.ActiveCfg = Release|Any CPU
		{B0A93576-A7AF-45E2-95B7-E1A3CC2FC9C8}.Release|Any CPU.Build.0 = Release|Any CPU
		{B0A93576-A7AF-45E2-95B7-E1A3CC2FC9C8}.Release|ARM.ActiveCfg = Release|Any CPU
		{B0A93576-A7AF-45E2-95B7-E1A3CC2FC9C8}.Release|ARM.Build.0 = Release|Any CPU
		{B0A93576-A7AF-45E2-95B7-E1A3CC2FC9C8}.Release|ARM64.ActiveCfg = Release|Any CPU
		{B0A93576-A7AF-45E2-95B7-E1A3CC2FC9C8}.Release|ARM64.Build.0 = Release|Any CPU
		{B0A93576-A7AF-45E2-95B7-E1A3CC2FC9C8}.Release|x64.ActiveCfg = Release|Any CPU
		{B0A93576-A7AF-45E2-95B7-E1A3CC2FC9C8}.Release|x64.Build.0 = Release|Any CPU
		{B0A93576-A7AF-45E2-95B7-E1A3CC2FC9C8}.Release|x86.ActiveCfg = Release|Any CPU
		{B0A93576-A7AF-45E2-95B7-E1A3CC2FC9C8}.Release|x86.Build.0 = Release|Any CPU
		{3B7AA151-73B9-4A8A-8C5F-4C9EE01F71CE}.Debug|Any CPU.ActiveCfg = Debug|x64
		{3B7AA151-73B9-4A8A-8C5F-4C9EE01F71CE}.Debug|Any CPU.Build.0 = Debug|x64
		{3B7AA151-73B9-4A8A-8C5F-4C9EE01F71CE}.Debug|Any CPU.Deploy.0 = Debug|x64
		{3B7AA151-73B9-4A8A-8C5F-4C9EE01F71CE}.Debug|ARM.ActiveCfg = Debug|ARM
		{3B7AA151-73B9-4A8A-8C5F-4C9EE01F71CE}.Debug|ARM.Build.0 = Debug|ARM
		{3B7AA151-73B9-4A8A-8C5F-4C9EE01F71CE}.Debug|ARM.Deploy.0 = Debug|ARM
		{3B7AA151-73B9-4A8A-8C5F-4C9EE01F71CE}.Debug|ARM64.ActiveCfg = Debug|ARM64
		{3B7AA151-73B9-4A8A-8C5F-4C9EE01F71CE}.Debug|ARM64.Build.0 = Debug|ARM64
		{3B7AA151-73B9-4A8A-8C5F-4C9EE01F71CE}.Debug|ARM64.Deploy.0 = Debug|ARM64
		{3B7AA151-73B9-4A8A-8C5F-4C9EE01F71CE}.Debug|x64.ActiveCfg = Debug|x64
		{3B7AA151-73B9-4A8A-8C5F-4C9EE01F71CE}.Debug|x64.Build.0 = Debug|x64
		{3B7AA151-73B9-4A8A-8C5F-4C9EE01F71CE}.Debug|x64.Deploy.0 = Debug|x64
		{3B7AA151-73B9-4A8A-8C5F-4C9EE01F71CE}.Debug|x86.ActiveCfg = Debug|x86
		{3B7AA151-73B9-4A8A-8C5F-4C9EE01F71CE}.Debug|x86.Build.0 = Debug|x86
		{3B7AA151-73B9-4A8A-8C5F-4C9EE01F71CE}.Debug|x86.Deploy.0 = Debug|x86
		{3B7AA151-73B9-4A8A-8C5F-4C9EE01F71CE}.Release|Any CPU.ActiveCfg = Release|x64
		{3B7AA151-73B9-4A8A-8C5F-4C9EE01F71CE}.Release|Any CPU.Build.0 = Release|x64
		{3B7AA151-73B9-4A8A-8C5F-4C9EE01F71CE}.Release|Any CPU.Deploy.0 = Release|x64
		{3B7AA151-73B9-4A8A-8C5F-4C9EE01F71CE}.Release|ARM.ActiveCfg = Release|ARM
		{3B7AA151-73B9-4A8A-8C5F-4C9EE01F71CE}.Release|ARM.Build.0 = Release|ARM
		{3B7AA151-73B9-4A8A-8C5F-4C9EE01F71CE}.Release|ARM.Deploy.0 = Release|ARM
		{3B7AA151-73B9-4A8A-8C5F-4C9EE01F71CE}.Release|ARM64.ActiveCfg = Release|ARM64
		{3B7AA151-73B9-4A8A-8C5F-4C9EE01F71CE}.Release|ARM64.Build.0 = Release|ARM64
		{3B7AA151-73B9-4A8A-8C5F-4C9EE01F71CE}.Release|ARM64.Deploy.0 = Release|ARM64
		{3B7AA151-73B9-4A8A-8C5F-4C9EE01F71CE}.Release|x64.ActiveCfg = Release|x64
		{3B7AA151-73B9-4A8A-8C5F-4C9EE01F71CE}.Release|x64.Build.0 = Release|x64
		{3B7AA151-73B9-4A8A-8C5F-4C9EE01F71CE}.Release|x64.Deploy.0 = Release|x64
		{3B7AA151-73B9-4A8A-8C5F-4C9EE01F71CE}.Release|x86.ActiveCfg = Release|x86
		{3B7AA151-73B9-4A8A-8C5F-4C9EE01F71CE}.Release|x86.Build.0 = Release|x86
		{3B7AA151-73B9-4A8A-8C5F-4C9EE01F71CE}.Release|x86.Deploy.0 = Release|x86
	EndGlobalSection
	GlobalSection(SolutionProperties) = preSolution
		HideSolutionNode = FALSE
	EndGlobalSection
	GlobalSection(ExtensibilityGlobals) = postSolution
		SolutionGuid = {FCDD019C-B94B-4B35-A8BF-A50A07463817}
	EndGlobalSection
EndGlobal
